
Microsoft Visual Studio Solution File, Format Version 12.00
# Visual Studio 15
VisualStudioVersion = 15.0.28307.271
MinimumVisualStudioVersion = 10.0.40219.1
Project("{FAE04EC0-301F-11D3-BF4B-00C04F79EFBC}") = "HaberSistemi.UI", "HaberSistemi.UI\HaberSistemi.UI.csproj", "{D1EAA6A4-AD9C-4E1E-9B8B-71EE266F2112}"
EndProject
Project("{FAE04EC0-301F-11D3-BF4B-00C04F79EFBC}") = "HaberSistemi.Admin", "HaberSistemi.Admin\HaberSistemi.Admin.csproj", "{35ACD18B-B7EA-4CE3-8A2B-2C7A253A4CF1}"
EndProject
Project("{FAE04EC0-301F-11D3-BF4B-00C04F79EFBC}") = "HaberSistemi.Core", "HaberSistemi.Core\HaberSistemi.Core.csproj", "{E9FBB0EB-8EE4-49EE-99BB-9E7EE3ADF379}"
EndProject
Project("{FAE04EC0-301F-11D3-BF4B-00C04F79EFBC}") = "HaberSistemi.Service", "HaberSistemi.Service\HaberSistemi.Service.csproj", "{D9893643-D6E9-468B-AB02-622AB87BD69C}"
EndProject
Project("{FAE04EC0-301F-11D3-BF4B-00C04F79EFBC}") = "HaberSistemi.Data", "HaberSistemi.Data\HaberSistemi.Data.csproj", "{DAB1B934-99B1-421A-BC70-E36D07E07FC3}"
EndProject
Global
	GlobalSection(SolutionConfigurationPlatforms) = preSolution
		Debug|Any CPU = Debug|Any CPU
		Release|Any CPU = Release|Any CPU
	EndGlobalSection
	GlobalSection(ProjectConfigurationPlatforms) = postSolution
		{D1EAA6A4-AD9C-4E1E-9B8B-71EE266F2112}.Debug|Any CPU.ActiveCfg = Debug|Any CPU
		{D1EAA6A4-AD9C-4E1E-9B8B-71EE266F2112}.Debug|Any CPU.Build.0 = Debug|Any CPU
		{D1EAA6A4-AD9C-4E1E-9B8B-71EE266F2112}.Release|Any CPU.ActiveCfg = Release|Any CPU
		{D1EAA6A4-AD9C-4E1E-9B8B-71EE266F2112}.Release|Any CPU.Build.0 = Release|Any CPU
		{35ACD18B-B7EA-4CE3-8A2B-2C7A253A4CF1}.Debug|Any CPU.ActiveCfg = Debug|Any CPU
		{35ACD18B-B7EA-4CE3-8A2B-2C7A253A4CF1}.Debug|Any CPU.Build.0 = Debug|Any CPU
		{35ACD18B-B7EA-4CE3-8A2B-2C7A253A4CF1}.Release|Any CPU.ActiveCfg = Release|Any CPU
		{35ACD18B-B7EA-4CE3-8A2B-2C7A253A4CF1}.Release|Any CPU.Build.0 = Release|Any CPU
		{E9FBB0EB-8EE4-49EE-99BB-9E7EE3ADF379}.Debug|Any CPU.ActiveCfg = Debug|Any CPU
		{E9FBB0EB-8EE4-49EE-99BB-9E7EE3ADF379}.Debug|Any CPU.Build.0 = Debug|Any CPU
		{E9FBB0EB-8EE4-49EE-99BB-9E7EE3ADF379}.Release|Any CPU.ActiveCfg = Release|Any CPU
		{E9FBB0EB-8EE4-49EE-99BB-9E7EE3ADF379}.Release|Any CPU.Build.0 = Release|Any CPU
		{D9893643-D6E9-468B-AB02-622AB87BD69C}.Debug|Any CPU.ActiveCfg = Debug|Any CPU
		{D9893643-D6E9-468B-AB02-622AB87BD69C}.Debug|Any CPU.Build.0 = Debug|Any CPU
		{D9893643-D6E9-468B-AB02-622AB87BD69C}.Release|Any CPU.ActiveCfg = Release|Any CPU
		{D9893643-D6E9-468B-AB02-622AB87BD69C}.Release|Any CPU.Build.0 = Release|Any CPU
		{DAB1B934-99B1-421A-BC70-E36D07E07FC3}.Debug|Any CPU.ActiveCfg = Debug|Any CPU
		{DAB1B934-99B1-421A-BC70-E36D07E07FC3}.Debug|Any CPU.Build.0 = Debug|Any CPU
		{DAB1B934-99B1-421A-BC70-E36D07E07FC3}.Release|Any CPU.ActiveCfg = Release|Any CPU
		{DAB1B934-99B1-421A-BC70-E36D07E07FC3}.Release|Any CPU.Build.0 = Release|Any CPU
	EndGlobalSection
	GlobalSection(SolutionProperties) = preSolution
		HideSolutionNode = FALSE
	EndGlobalSection
	GlobalSection(ExtensibilityGlobals) = postSolution
		SolutionGuid = {903F9D01-2D6E-42E1-9BC5-E4DC3A266DD1}
	EndGlobalSection
EndGlobal
